// !$*UTF8*$!
{
	archiveVersion = 1;
	classes = {
	};
	objectVersion = 46;
	objects = {

/* Begin PBXBuildFile section */
		1BC09DDD1E82527000F24C85 /* main.m in Sources */ = {isa = PBXBuildFile; fileRef = 1BC09DDC1E82527000F24C85 /* main.m */; };
		1BC09DE01E82527000F24C85 /* AppDelegate.m in Sources */ = {isa = PBXBuildFile; fileRef = 1BC09DDF1E82527000F24C85 /* AppDelegate.m */; };
		1BC09DE31E82527000F24C85 /* ViewController.m in Sources */ = {isa = PBXBuildFile; fileRef = 1BC09DE21E82527000F24C85 /* ViewController.m */; };
		1BC09DE61E82527100F24C85 /* Main.storyboard in Resources */ = {isa = PBXBuildFile; fileRef = 1BC09DE41E82527000F24C85 /* Main.storyboard */; };
		1BC09DE81E82527100F24C85 /* Assets.xcassets in Resources */ = {isa = PBXBuildFile; fileRef = 1BC09DE71E82527100F24C85 /* Assets.xcassets */; };
		1BC09DEB1E82527100F24C85 /* LaunchScreen.storyboard in Resources */ = {isa = PBXBuildFile; fileRef = 1BC09DE91E82527100F24C85 /* LaunchScreen.storyboard */; };
		1BC09DF41E825C4900F24C85 /* Person.m in Sources */ = {isa = PBXBuildFile; fileRef = 1BC09DF31E825C4900F24C85 /* Person.m */; };
		5D90D246592CA567041CD502 /* libPods-MasonryTest.a in Frameworks */ = {isa = PBXBuildFile; fileRef = 16EBC01661A603B5A46C79A8 /* libPods-MasonryTest.a */; };
/* End PBXBuildFile section */

/* Begin PBXFileReference section */
		16EBC01661A603B5A46C79A8 /* libPods-MasonryTest.a */ = {isa = PBXFileReference; explicitFileType = archive.ar; includeInIndex = 0; path = "libPods-MasonryTest.a"; sourceTree = BUILT_PRODUCTS_DIR; };
		1BC09DD81E82527000F24C85 /* MasonryTest.app */ = {isa = PBXFileReference; explicitFileType = wrapper.application; includeInIndex = 0; path = MasonryTest.app; sourceTree = BUILT_PRODUCTS_DIR; };
		1BC09DDC1E82527000F24C85 /* main.m */ = {isa = PBXFileReference; lastKnownFileType = sourcecode.c.objc; path = main.m; sourceTree = "<group>"; };
		1BC09DDE1E82527000F24C85 /* AppDelegate.h */ = {isa = PBXFileReference; lastKnownFileType = sourcecode.c.h; path = AppDelegate.h; sourceTree = "<group>"; };
		1BC09DDF1E82527000F24C85 /* AppDelegate.m */ = {isa = PBXFileReference; lastKnownFileType = sourcecode.c.objc; path = AppDelegate.m; sourceTree = "<group>"; };
		1BC09DE11E82527000F24C85 /* ViewController.h */ = {isa = PBXFileReference; lastKnownFileType = sourcecode.c.h; path = ViewController.h; sourceTree = "<group>"; };
		1BC09DE21E82527000F24C85 /* ViewController.m */ = {isa = PBXFileReference; lastKnownFileType = sourcecode.c.objc; path = ViewController.m; sourceTree = "<group>"; };
		1BC09DE51E82527000F24C85 /* Base */ = {isa = PBXFileReference; lastKnownFileType = file.storyboard; name = Base; path = Base.lproj/Main.storyboard; sourceTree = "<group>"; };
		1BC09DE71E82527100F24C85 /* Assets.xcassets */ = {isa = PBXFileReference; lastKnownFileType = folder.assetcatalog; path = Assets.xcassets; sourceTree = "<group>"; };
		1BC09DEA1E82527100F24C85 /* Base */ = {isa = PBXFileReference; lastKnownFileType = file.storyboard; name = Base; path = Base.lproj/LaunchScreen.storyboard; sourceTree = "<group>"; };
		1BC09DEC1E82527100F24C85 /* Info.plist */ = {isa = PBXFileReference; lastKnownFileType = text.plist.xml; path = Info.plist; sourceTree = "<group>"; };
		1BC09DF21E825C4900F24C85 /* Person.h */ = {isa = PBXFileReference; fileEncoding = 4; lastKnownFileType = sourcecode.c.h; path = Person.h; sourceTree = "<group>"; };
		1BC09DF31E825C4900F24C85 /* Person.m */ = {isa = PBXFileReference; fileEncoding = 4; lastKnownFileType = sourcecode.c.objc; path = Person.m; sourceTree = "<group>"; };
		2D556BC9B08175037AD2EE10 /* Pods-MasonryTest.debug.xcconfig */ = {isa = PBXFileReference; includeInIndex = 1; lastKnownFileType = text.xcconfig; name = "Pods-MasonryTest.debug.xcconfig"; path = "Pods/Target Support Files/Pods-MasonryTest/Pods-MasonryTest.debug.xcconfig"; sourceTree = "<group>"; };
		5689BF3E47B866C093198863 /* Pods-MasonryTest.release.xcconfig */ = {isa = PBXFileReference; includeInIndex = 1; lastKnownFileType = text.xcconfig; name = "Pods-MasonryTest.release.xcconfig"; path = "Pods/Target Support Files/Pods-MasonryTest/Pods-MasonryTest.release.xcconfig"; sourceTree = "<group>"; };
/* End PBXFileReference section */

/* Begin PBXFrameworksBuildPhase section */
		1BC09DD51E82527000F24C85 /* Frameworks */ = {
			isa = PBXFrameworksBuildPhase;
			buildActionMask = 2147483647;
			files = (
				5D90D246592CA567041CD502 /* libPods-MasonryTest.a in Frameworks */,
			);
			runOnlyForDeploymentPostprocessing = 0;
		};
/* End PBXFrameworksBuildPhase section */

/* Begin PBXGroup section */
		1BC09DCF1E82527000F24C85 = {
			isa = PBXGroup;
			children = (
				1BC09DDA1E82527000F24C85 /* MasonryTest */,
				1BC09DD91E82527000F24C85 /* Products */,
				5782289963F8A7BC7C08C626 /* Pods */,
				AED1DA3AC6681122D0125EAD /* Frameworks */,
			);
			sourceTree = "<group>";
		};
		1BC09DD91E82527000F24C85 /* Products */ = {
			isa = PBXGroup;
			children = (
				1BC09DD81E82527000F24C85 /* MasonryTest.app */,
			);
			name = Products;
			sourceTree = "<group>";
		};
		1BC09DDA1E82527000F24C85 /* MasonryTest */ = {
			isa = PBXGroup;
			children = (
				1BC09DDE1E82527000F24C85 /* AppDelegate.h */,
				1BC09DDF1E82527000F24C85 /* AppDelegate.m */,
				1BC09DE11E82527000F24C85 /* ViewController.h */,
				1BC09DE21E82527000F24C85 /* ViewController.m */,
				1BC09DE41E82527000F24C85 /* Main.storyboard */,
				1BC09DE71E82527100F24C85 /* Assets.xcassets */,
				1BC09DE91E82527100F24C85 /* LaunchScreen.storyboard */,
				1BC09DEC1E82527100F24C85 /* Info.plist */,
				1BC09DDB1E82527000F24C85 /* Supporting Files */,
				1BC09DF21E825C4900F24C85 /* Person.h */,
				1BC09DF31E825C4900F24C85 /* Person.m */,
			);
			path = MasonryTest;
			sourceTree = "<group>";
		};
		1BC09DDB1E82527000F24C85 /* Supporting Files */ = {
			isa = PBXGroup;
			children = (
				1BC09DDC1E82527000F24C85 /* main.m */,
			);
			name = "Supporting Files";
			sourceTree = "<group>";
		};
		5782289963F8A7BC7C08C626 /* Pods */ = {
			isa = PBXGroup;
			children = (
				2D556BC9B08175037AD2EE10 /* Pods-MasonryTest.debug.xcconfig */,
				5689BF3E47B866C093198863 /* Pods-MasonryTest.release.xcconfig */,
			);
			name = Pods;
			sourceTree = "<group>";
		};
		AED1DA3AC6681122D0125EAD /* Frameworks */ = {
			isa = PBXGroup;
			children = (
				16EBC01661A603B5A46C79A8 /* libPods-MasonryTest.a */,
			);
			name = Frameworks;
			sourceTree = "<group>";
		};
/* End PBXGroup section */

/* Begin PBXNativeTarget section */
		1BC09DD71E82527000F24C85 /* MasonryTest */ = {
			isa = PBXNativeTarget;
			buildConfigurationList = 1BC09DEF1E82527100F24C85 /* Build configuration list for PBXNativeTarget "MasonryTest" */;
			buildPhases = (
				C095DD6B88B2EFC6904EA99F /* [CP] Check Pods Manifest.lock */,
				1BC09DD41E82527000F24C85 /* Sources */,
				1BC09DD51E82527000F24C85 /* Frameworks */,
				1BC09DD61E82527000F24C85 /* Resources */,
				474AA47C63B3DF9A0A8D9D4E /* [CP] Embed Pods Frameworks */,
				D32081FDF827A5B67F6D4EA2 /* [CP] Copy Pods Resources */,
			);
			buildRules = (
			);
			dependencies = (
			);
			name = MasonryTest;
			productName = MasonryTest;
			productReference = 1BC09DD81E82527000F24C85 /* MasonryTest.app */;
			productType = "com.apple.product-type.application";
		};
/* End PBXNativeTarget section */

/* Begin PBXProject section */
		1BC09DD01E82527000F24C85 /* Project object */ = {
			isa = PBXProject;
			attributes = {
				LastUpgradeCheck = 0820;
				ORGANIZATIONNAME = com.yasuo;
				TargetAttributes = {
					1BC09DD71E82527000F24C85 = {
						CreatedOnToolsVersion = 8.2;
						ProvisioningStyle = Automatic;
					};
				};
			};
			buildConfigurationList = 1BC09DD31E82527000F24C85 /* Build configuration list for PBXProject "MasonryTest" */;
			compatibilityVersion = "Xcode 3.2";
			developmentRegion = English;
			hasScannedForEncodings = 0;
			knownRegions = (
				en,
				Base,
			);
			mainGroup = 1BC09DCF1E82527000F24C85;
			productRefGroup = 1BC09DD91E82527000F24C85 /* Products */;
			projectDirPath = "";
			projectRoot = "";
			targets = (
				1BC09DD71E82527000F24C85 /* MasonryTest */,
			);
		};
/* End PBXProject section */

/* Begin PBXResourcesBuildPhase section */
		1BC09DD61E82527000F24C85 /* Resources */ = {
			isa = PBXResourcesBuildPhase;
			buildActionMask = 2147483647;
			files = (
				1BC09DEB1E82527100F24C85 /* LaunchScreen.storyboard in Resources */,
				1BC09DE81E82527100F24C85 /* Assets.xcassets in Resources */,
				1BC09DE61E82527100F24C85 /* Main.storyboard in Resources */,
			);
			runOnlyForDeploymentPostprocessing = 0;
		};
/* End PBXResourcesBuildPhase section */

/* Begin PBXShellScriptBuildPhase section */
		474AA47C63B3DF9A0A8D9D4E /* [CP] Embed Pods Frameworks */ = {
			isa = PBXShellScriptBuildPhase;
			buildActionMask = 2147483647;
			files = (
			);
			inputPaths = (
			);
			name = "[CP] Embed Pods Frameworks";
			outputPaths = (
			);
			runOnlyForDeploymentPostprocessing = 0;
			shellPath = /bin/sh;
			shellScript = "\"${SRCROOT}/Pods/Target Support Files/Pods-MasonryTest/Pods-MasonryTest-frameworks.sh\"\n";
			showEnvVarsInLog = 0;
		};
		C095DD6B88B2EFC6904EA99F /* [CP] Check Pods Manifest.lock */ = {
			isa = PBXShellScriptBuildPhase;
			buildActionMask = 2147483647;
			files = (
			);
			inputPaths = (
			);
			name = "[CP] Check Pods Manifest.lock";
			outputPaths = (
			);
			runOnlyForDeploymentPostprocessing = 0;
			shellPath = /bin/sh;
			shellScript = "diff \"${PODS_ROOT}/../Podfile.lock\" \"${PODS_ROOT}/Manifest.lock\" > /dev/null\nif [ $? != 0 ] ; then\n    # print error to STDERR\n    echo \"error: The sandbox is not in sync with the Podfile.lock. Run 'pod install' or update your CocoaPods installation.\" >&2\n    exit 1\nfi\n";
			showEnvVarsInLog = 0;
		};
		D32081FDF827A5B67F6D4EA2 /* [CP] Copy Pods Resources */ = {
			isa = PBXShellScriptBuildPhase;
			buildActionMask = 2147483647;
			files = (
			);
			inputPaths = (
			);
			name = "[CP] Copy Pods Resources";
			outputPaths = (
			);
			runOnlyForDeploymentPostprocessing = 0;
			shellPath = /bin/sh;
			shellScript = "\"${SRCROOT}/Pods/Target Support Files/Pods-MasonryTest/Pods-MasonryTest-resources.sh\"\n";
			showEnvVarsInLog = 0;
		};
/* End PBXShellScriptBuildPhase section */

/* Begin PBXSourcesBuildPhase section */
		1BC09DD41E82527000F24C85 /* Sources */ = {
			isa = PBXSourcesBuildPhase;
			buildActionMask = 2147483647;
			files = (
				1BC09DE31E82527000F24C85 /* ViewController.m in Sources */,
				1BC09DE01E82527000F24C85 /* AppDelegate.m in Sources */,
				1BC09DF41E825C4900F24C85 /* Person.m in Sources */,
				1BC09DDD1E82527000F24C85 /* main.m in Sources */,
			);
			runOnlyForDeploymentPostprocessing = 0;
		};
/* End PBXSourcesBuildPhase section */

/* Begin PBXVariantGroup section */
		1BC09DE41E82527000F24C85 /* Main.storyboard */ = {
			isa = PBXVariantGroup;
			children = (
				1BC09DE51E82527000F24C85 /* Base */,
			);
			name = Main.storyboard;
			sourceTree = "<group>";
		};
		1BC09DE91E82527100F24C85 /* LaunchScreen.storyboard */ = {
			isa = PBXVariantGroup;
			children = (
				1BC09DEA1E82527100F24C85 /* Base */,
			);
			name = LaunchScreen.storyboard;
			sourceTree = "<group>";
		};
/* End PBXVariantGroup section */

/* Begin XCBuildConfiguration section */
		1BC09DED1E82527100F24C85 /* Debug */ = {
			isa = XCBuildConfiguration;
			buildSettings = {
				ALWAYS_SEARCH_USER_PATHS = NO;
				CLANG_ANALYZER_NONNULL = YES;
				CLANG_CXX_LANGUAGE_STANDARD = "gnu++0x";
				CLANG_CXX_LIBRARY = "libc++";
				CLANG_ENABLE_MODULES = YES;
				CLANG_ENABLE_OBJC_ARC = YES;
				CLANG_WARN_BOOL_CONVERSION = YES;
				CLANG_WARN_CONSTANT_CONVERSION = YES;
				CLANG_WARN_DIRECT_OBJC_ISA_USAGE = YES_ERROR;
				CLANG_WARN_DOCUMENTATION_COMMENTS = YES;
				CLANG_WARN_EMPTY_BODY = YES;
				CLANG_WARN_ENUM_CONVERSION = YES;
				CLANG_WARN_INFINITE_RECURSION = YES;
				CLANG_WARN_INT_CONVERSION = YES;
				CLANG_WARN_OBJC_ROOT_CLASS = YES_ERROR;
				CLANG_WARN_SUSPICIOUS_MOVE = YES;
				CLANG_WARN_UNREACHABLE_CODE = YES;
				CLANG_WARN__DUPLICATE_METHOD_MATCH = YES;
				"CODE_SIGN_IDENTITY[sdk=iphoneos*]" = "iPhone Developer";
				COPY_PHASE_STRIP = NO;
				DEBUG_INFORMATION_FORMAT = dwarf;
				ENABLE_STRICT_OBJC_MSGSEND = YES;
				ENABLE_TESTABILITY = YES;
				GCC_C_LANGUAGE_STANDARD = gnu99;
				GCC_DYNAMIC_NO_PIC = NO;
				GCC_NO_COMMON_BLOCKS = YES;
				GCC_OPTIMIZATION_LEVEL = 0;
				GCC_PREPROCESSOR_DEFINITIONS = (
					"DEBUG=1",
					"$(inherited)",
				);
				GCC_WARN_64_TO_32_BIT_CONVERSION = YES;
				GCC_WARN_ABOUT_RETURN_TYPE = YES_ERROR;
				GCC_WARN_UNDECLARED_SELECTOR = YES;
				GCC_WARN_UNINITIALIZED_AUTOS = YES_AGGRESSIVE;
				GCC_WARN_UNUSED_FUNCTION = YES;
				GCC_WARN_UNUSED_VARIABLE = YES;
				IPHONEOS_DEPLOYMENT_TARGET = 10.2;
				MTL_ENABLE_DEBUG_INFO = YES;
				ONLY_ACTIVE_ARCH = YES;
				SDKROOT = iphoneos;
			};
			name = Debug;
		};
		1BC09DEE1E82527100F24C85 /* Release */ = {
			isa = XCBuildConfiguration;
			buildSettings = {
				ALWAYS_SEARCH_USER_PATHS = NO;
				CLANG_ANALYZER_NONNULL = YES;
				CLANG_CXX_LANGUAGE_STANDARD = "gnu++0x";
				CLANG_CXX_LIBRARY = "libc++";
				CLANG_ENABLE_MODULES = YES;
				CLANG_ENABLE_OBJC_ARC = YES;
				CLANG_WARN_BOOL_CONVERSION = YES;
				CLANG_WARN_CONSTANT_CONVERSION = YES;
				CLANG_WARN_DIRECT_OBJC_ISA_USAGE = YES_ERROR;
				CLANG_WARN_DOCUMENTATION_COMMENTS = YES;
				CLANG_WARN_EMPTY_BODY = YES;
				CLANG_WARN_ENUM_CONVERSION = YES;
				CLANG_WARN_INFINITE_RECURSION = YES;
				CLANG_WARN_INT_CONVERSION = YES;
				CLANG_WARN_OBJC_ROOT_CLASS = YES_ERROR;
				CLANG_WARN_SUSPICIOUS_MOVE = YES;
				CLANG_WARN_UNREACHABLE_CODE = YES;
				CLANG_WARN__DUPLICATE_METHOD_MATCH = YES;
				"CODE_SIGN_IDENTITY[sdk=iphoneos*]" = "iPhone Developer";
				COPY_PHASE_STRIP = NO;
				DEBUG_INFORMATION_FORMAT = "dwarf-with-dsym";
				ENABLE_NS_ASSERTIONS = NO;
				ENABLE_STRICT_OBJC_MSGSEND = YES;
				GCC_C_LANGUAGE_STANDARD = gnu99;
				GCC_NO_COMMON_BLOCKS = YES;
				GCC_WARN_64_TO_32_BIT_CONVERSION = YES;
				GCC_WARN_ABOUT_RETURN_TYPE = YES_ERROR;
				GCC_WARN_UNDECLARED_SELECTOR = YES;
				GCC_WARN_UNINITIALIZED_AUTOS = YES_AGGRESSIVE;
				GCC_WARN_UNUSED_FUNCTION = YES;
				GCC_WARN_UNUSED_VARIABLE = YES;
				IPHONEOS_DEPLOYMENT_TARGET = 10.2;
				MTL_ENABLE_DEBUG_INFO = NO;
				SDKROOT = iphoneos;
				VALIDATE_PRODUCT = YES;
			};
			name = Release;
		};
		1BC09DF01E82527100F24C85 /* Debug */ = {
			isa = XCBuildConfiguration;
			baseConfigurationReference = 2D556BC9B08175037AD2EE10 /* Pods-MasonryTest.debug.xcconfig */;
			buildSettings = {
				ASSETCATALOG_COMPILER_APPICON_NAME = AppIcon;
				INFOPLIST_FILE = MasonryTest/Info.plist;
				LD_RUNPATH_SEARCH_PATHS = "$(inherited) @executable_path/Frameworks";
				PRODUCT_BUNDLE_IDENTIFIER = com.yasuo.MasonryTest;
				PRODUCT_NAME = "$(TARGET_NAME)";
			};
			name = Debug;
		};
		1BC09DF11E82527100F24C85 /* Release */ = {
			isa = XCBuildConfiguration;
			baseConfigurationReference = 5689BF3E47B866C093198863 /* Pods-MasonryTest.release.xcconfig */;
			buildSettings = {
				ASSETCATALOG_COMPILER_APPICON_NAME = AppIcon;
				INFOPLIST_FILE = MasonryTest/Info.plist;
				LD_RUNPATH_SEARCH_PATHS = "$(inherited) @executable_path/Frameworks";
				PRODUCT_BUNDLE_IDENTIFIER = com.yasuo.MasonryTest;
				PRODUCT_NAME = "$(TARGET_NAME)";
			};
			name = Release;
		};
/* End XCBuildConfiguration section */

/* Begin XCConfigurationList section */
		1BC09DD31E82527000F24C85 /* Build configuration list for PBXProject "MasonryTest" */ = {
			isa = XCConfigurationList;
			buildConfigurations = (
				1BC09DED1E82527100F24C85 /* Debug */,
				1BC09DEE1E82527100F24C85 /* Release */,
			);
			defaultConfigurationIsVisible = 0;
			defaultConfigurationName = Release;
		};
		1BC09DEF1E82527100F24C85 /* Build configuration list for PBXNativeTarget "MasonryTest" */ = {
			isa = XCConfigurationList;
			buildConfigurations = (
				1BC09DF01E82527100F24C85 /* Debug */,
				1BC09DF11E82527100F24C85 /* Release */,
			);
			defaultConfigurationIsVisible = 0;
			defaultConfigurationName = Release;
		};
/* End XCConfigurationList section */
	};
	rootObject = 1BC09DD01E82527000F24C85 /* Project object */;
}
